
Microsoft Visual Studio Solution File, Format Version 12.00
# Visual Studio Version 16
VisualStudioVersion = 16.0.30611.23
MinimumVisualStudioVersion = 10.0.40219.1
Project("{FAE04EC0-301F-11D3-BF4B-00C04F79EFBC}") = "RichTextBox Kontrola EM", "RichTextBox Kontrola EM\RichTextBox Kontrola EM.csproj", "{525F9B82-5D01-4B96-8DE5-F981C2B3B8F7}"
EndProject
Global
	GlobalSection(SolutionConfigurationPlatforms) = preSolution
		Debug|Any CPU = Debug|Any CPU
		Release|Any CPU = Release|Any CPU
	EndGlobalSection
	GlobalSection(ProjectConfigurationPlatforms) = postSolution
		{525F9B82-5D01-4B96-8DE5-F981C2B3B8F7}.Debug|Any CPU.ActiveCfg = Debug|Any CPU
		{525F9B82-5D01-4B96-8DE5-F981C2B3B8F7}.Debug|Any CPU.Build.0 = Debug|Any CPU
		{525F9B82-5D01-4B96-8DE5-F981C2B3B8F7}.Release|Any CPU.ActiveCfg = Release|Any CPU
		{525F9B82-5D01-4B96-8DE5-F981C2B3B8F7}.Release|Any CPU.Build.0 = Release|Any CPU
	EndGlobalSection
	GlobalSection(SolutionProperties) = preSolution
		HideSolutionNode = FALSE
	EndGlobalSection
	GlobalSection(ExtensibilityGlobals) = postSolution
		SolutionGuid = {7DC5FE29-1997-4EDE-94FC-CD8EE6625E04}
	EndGlobalSection
EndGlobal
